
Microsoft Visual Studio Solution File, Format Version 12.00
# Visual Studio Version 16
VisualStudioVersion = 16.0.29911.84
MinimumVisualStudioVersion = 10.0.40219.1
Project("{FAE04EC0-301F-11D3-BF4B-00C04F79EFBC}") = "Lab3", "Lab3\Lab3.csproj", "{B5B67402-5209-4632-8305-ACFB5D21C60C}"
EndProject
Global
	GlobalSection(SolutionConfigurationPlatforms) = preSolution
		Debug|Any CPU = Debug|Any CPU
		Release|Any CPU = Release|Any CPU
	EndGlobalSection
	GlobalSection(ProjectConfigurationPlatforms) = postSolution
		{B5B67402-5209-4632-8305-ACFB5D21C60C}.Debug|Any CPU.ActiveCfg = Debug|Any CPU
		{B5B67402-5209-4632-8305-ACFB5D21C60C}.Debug|Any CPU.Build.0 = Debug|Any CPU
		{B5B67402-5209-4632-8305-ACFB5D21C60C}.Release|Any CPU.ActiveCfg = Release|Any CPU
		{B5B67402-5209-4632-8305-ACFB5D21C60C}.Release|Any CPU.Build.0 = Release|Any CPU
	EndGlobalSection
	GlobalSection(SolutionProperties) = preSolution
		HideSolutionNode = FALSE
	EndGlobalSection
	GlobalSection(ExtensibilityGlobals) = postSolution
		SolutionGuid = {2C554A2A-ED75-4C60-9021-B36580E9BE8A}
	EndGlobalSection
EndGlobal
