
Microsoft Visual Studio Solution File, Format Version 12.00
# Visual Studio Version 16
VisualStudioVersion = 16.0.29911.84
MinimumVisualStudioVersion = 10.0.40219.1
Project("{FAE04EC0-301F-11D3-BF4B-00C04F79EFBC}") = "Lab7", "Lab7.csproj", "{EA93F1E6-C2C3-47A1-930D-999EACE90709}"
EndProject
Global
	GlobalSection(SolutionConfigurationPlatforms) = preSolution
		Debug|Any CPU = Debug|Any CPU
		Release|Any CPU = Release|Any CPU
	EndGlobalSection
	GlobalSection(ProjectConfigurationPlatforms) = postSolution
		{EA93F1E6-C2C3-47A1-930D-999EACE90709}.Debug|Any CPU.ActiveCfg = Debug|Any CPU
		{EA93F1E6-C2C3-47A1-930D-999EACE90709}.Debug|Any CPU.Build.0 = Debug|Any CPU
		{EA93F1E6-C2C3-47A1-930D-999EACE90709}.Release|Any CPU.ActiveCfg = Release|Any CPU
		{EA93F1E6-C2C3-47A1-930D-999EACE90709}.Release|Any CPU.Build.0 = Release|Any CPU
	EndGlobalSection
	GlobalSection(SolutionProperties) = preSolution
		HideSolutionNode = FALSE
	EndGlobalSection
	GlobalSection(ExtensibilityGlobals) = postSolution
		SolutionGuid = {62A33FC8-F151-4184-AB7F-3C108C42B421}
	EndGlobalSection
EndGlobal
